github.com/RoboCup-SSL/ssl-go-tools v1.12.0 h1:sXN+VSlMSOtNdLD0MPCaig3vSlj3ZTz/KIi9uJR/dy0=
github.com/RoboCup-SSL/ssl-go-tools v1.12.0/go.mod h1:Gqrqs0LAcXmCQD3Z+IPXxrqxS9xc9sWJolYQyi3AHbw=
github.com/gorilla/websocket v1.5.3 h1:saDtZ6Pbx/0u+bgYQ3q96pZgCzfhKXGPqt7kZ72aNNg=
github.com/gorilla/websocket v1.5.3/go.mod h1:YR8l580nyteQvAITg2hZ9XVh4b55+EU/adAjf1fMHhE=
github.com/lmittmann/tint v1.2.0 h1:AogHRHy8HUJUnNJBHJlYa+fR4YY8mko2cnCp67xn9JY=
github.com/lmittmann/tint v1.2.0/go.mod h1:HIS3gSy7qNwGCj+5oRjAutErFBl4BzdQP6cJZ0NfMwE=
google.golang.org/protobuf v1.36.12 h1:pJOKDDOyeXErUroCihFAd5LQuwXBSpVnKGrj5o/fwxc=
google.golang.org/protobuf v1.36.12/go.mod h1:HTf+CrKn2C3g5S8VImy6tdcUvCska2kB7j23XfzDpco=
gopkg.in/natefinch/lumberjack.v2 v2.2.1 h1:bBRl1b0OH9s/DuPhuXpNl+VtCaJXFZ5/uEFST95x9zc=
gopkg.in/natefinch/lumberjack.v2 v2.2.1/go.mod h1:YD8tP3GAjkrDg1eZH7EGmyESg/lsYskCTPBJVb9jqSc=
